
Microsoft Visual Studio Solution File, Format Version 12.00
# Visual Studio Version 17
VisualStudioVersion = 17.2.32630.192
MinimumVisualStudioVersion = 10.0.40219.1
Project("{9A19103F-16F7-4668-BE54-9A1E7A4F7556}") = "Client", "Client\Client.csproj", "{0E10873D-E6B4-4B7F-8427-E34E858F71E8}"
EndProject
Project("{FAE04EC0-301F-11D3-BF4B-00C04F79EFBC}") = "Server", "Server\Server.csproj", "{4B7D2428-14AD-467B-A198-37EDF2838090}"
EndProject
Project("{FAE04EC0-301F-11D3-BF4B-00C04F79EFBC}") = "Core", "Core\Core.csproj", "{241A8F2F-61CE-4D5A-810C-AEAABAD3A1B9}"
EndProject
Global
	GlobalSection(SolutionConfigurationPlatforms) = preSolution
		Debug|Any CPU = Debug|Any CPU
		Release|Any CPU = Release|Any CPU
	EndGlobalSection
	GlobalSection(ProjectConfigurationPlatforms) = postSolution
		{0E10873D-E6B4-4B7F-8427-E34E858F71E8}.Debug|Any CPU.ActiveCfg = Debug|Any CPU
		{0E10873D-E6B4-4B7F-8427-E34E858F71E8}.Debug|Any CPU.Build.0 = Debug|Any CPU
		{0E10873D-E6B4-4B7F-8427-E34E858F71E8}.Release|Any CPU.ActiveCfg = Release|Any CPU
		{0E10873D-E6B4-4B7F-8427-E34E858F71E8}.Release|Any CPU.Build.0 = Release|Any CPU
		{4B7D2428-14AD-467B-A198-37EDF2838090}.Debug|Any CPU.ActiveCfg = Debug|Any CPU
		{4B7D2428-14AD-467B-A198-37EDF2838090}.Debug|Any CPU.Build.0 = Debug|Any CPU
		{4B7D2428-14AD-467B-A198-37EDF2838090}.Release|Any CPU.ActiveCfg = Release|Any CPU
		{4B7D2428-14AD-467B-A198-37EDF2838090}.Release|Any CPU.Build.0 = Release|Any CPU
		{241A8F2F-61CE-4D5A-810C-AEAABAD3A1B9}.Debug|Any CPU.ActiveCfg = Debug|Any CPU
		{241A8F2F-61CE-4D5A-810C-AEAABAD3A1B9}.Debug|Any CPU.Build.0 = Debug|Any CPU
		{241A8F2F-61CE-4D5A-810C-AEAABAD3A1B9}.Release|Any CPU.ActiveCfg = Release|Any CPU
		{241A8F2F-61CE-4D5A-810C-AEAABAD3A1B9}.Release|Any CPU.Build.0 = Release|Any CPU
	EndGlobalSection
	GlobalSection(SolutionProperties) = preSolution
		HideSolutionNode = FALSE
	EndGlobalSection
	GlobalSection(ExtensibilityGlobals) = postSolution
		SolutionGuid = {BA9E6CA2-03ED-4BD5-9C6C-5488FE563D29}
	EndGlobalSection
EndGlobal
